PackratFormat: 1.4
PackratVersion: 0.4.7.1
RVersion: 3.3.1
Repos: CRAN=https://cran.rstudio.com/

Package: BH
Source: CRAN
Version: 1.60.0-2

Package: DBI
Source: CRAN
Version: 0.5
Hash: b4baa1938fb20e76519e8aa253fe60a6

Package: R6
Source: CRAN
Version: 2.1.3
Hash: 1a8313c9df76d2a06aa27c13a4a71c73

Package: RColorBrewer
Source: CRAN
Version: 1.1-2
Hash: c0d56cd15034f395874c870141870c25

Package: Rcpp
Source: CRAN
Version: 0.12.6
Hash: 79f89fabd832de0a2e60aa05d9027f32

Package: assertthat
Source: CRAN
Version: 0.1
Hash: 0afb92b59b02593c70ff8046700ba9d3

Package: colorspace
Source: CRAN
Version: 1.2-6
Hash: 00bb12245cd975c450cc4a960884fa15

Package: dichromat
Source: CRAN
Version: 2.0-0
Hash: 08eed0c80510af29bb15f840ccfe37ce

Package: digest
Source: CRAN
Version: 0.6.10
Hash: 87165608ca8aeb0958835c3c5b52b6b7

Package: dplyr
Source: CRAN
Version: 0.5.0
Requires: BH, DBI, R6, Rcpp, assertthat, lazyeval, magrittr, tibble
Hash: e34869d6b47a9b9579c2e98c20aa7609

Package: ggplot2
Source: CRAN
Version: 2.1.0
Requires: digest, gtable, plyr, reshape2, scales
Hash: 50e297b0191179c39c7dcae0eff72b51

Package: gtable
Source: CRAN
Version: 0.2.0
Hash: cd78381a9d3fea966ac39bd0daaf5554

Package: jsonlite
Source: CRAN
Version: 1.0
Hash: f32817e181c39ede83fdd3e699348b69

Package: labeling
Source: CRAN
Version: 0.3
Hash: ecf589b42cd284b03a4beb9665482d3e

Package: lazyeval
Source: CRAN
Version: 0.2.0
Hash: 3d6e7608e65bbf5cb170dab1e3c9ed8b

Package: magrittr
Source: CRAN
Version: 1.5
Hash: bdc4d48c3135e8f3b399536ddf160df4

Package: munsell
Source: CRAN
Version: 0.4.3
Requires: colorspace
Hash: f96d896947fcaf9b6d0074002e9f4f9d

Package: packrat
Source: CRAN
Version: 0.4.7-1
Hash: 16ca16d36eb18d1d16113606ecc5c400

Package: plyr
Source: CRAN
Version: 1.8.4
Requires: Rcpp
Hash: e76f4b6b2ba5cb8309b10308cea03967

Package: reshape2
Source: CRAN
Version: 1.4.1
Requires: Rcpp, plyr, stringr
Hash: 55a31e20f8a216855e138ca83756a4b0

Package: rmongodb
Source: CRAN
Version: 1.8.0
Requires: jsonlite, plyr
Hash: 831ead5b7d5a7ff266449f47f50cc14a

Package: scales
Source: CRAN
Version: 0.4.0
Requires: RColorBrewer, Rcpp, dichromat, labeling, munsell, plyr
Hash: 99ca163a301d7c1d959424a2cccdcacd

Package: stringi
Source: CRAN
Version: 1.1.1
Hash: 48f2afc5dfecb65ba32a87d38b3533ff

Package: stringr
Source: CRAN
Version: 1.1.0
Requires: magrittr, stringi
Hash: 4d21d0063b37a17ea18eaec6acd29bf3

Package: tibble
Source: CRAN
Version: 1.1
Requires: Rcpp, assertthat, lazyeval
Hash: 5467b4aa158b2d984538f7ffde17171c

Package: tidyjson
Source: CRAN
Version: 0.2.1
Requires: assertthat, dplyr, jsonlite
Hash: 61bd2b58e7d3d262ccd9b7253897b459
